
Microsoft Visual Studio Solution File, Format Version 12.00
# Visual Studio Version 17
VisualStudioVersion = 17.5.002.0
MinimumVisualStudioVersion = 10.0.40219.1
Project("{9A19103F-16F7-4668-BE54-9A1E7A4F7556}") = "WebServices", "WebServices\WebServices.csproj", "{5D8B7B9F-586F-4FC3-97BB-78794B9CC7AD}"
EndProject
Global
	GlobalSection(SolutionConfigurationPlatforms) = preSolution
		Debug|Any CPU = Debug|Any CPU
		Release|Any CPU = Release|Any CPU
	EndGlobalSection
	GlobalSection(ProjectConfigurationPlatforms) = postSolution
		{5D8B7B9F-586F-4FC3-97BB-78794B9CC7AD}.Debug|Any CPU.ActiveCfg = Debug|Any CPU
		{5D8B7B9F-586F-4FC3-97BB-78794B9CC7AD}.Debug|Any CPU.Build.0 = Debug|Any CPU
		{5D8B7B9F-586F-4FC3-97BB-78794B9CC7AD}.Release|Any CPU.ActiveCfg = Release|Any CPU
		{5D8B7B9F-586F-4FC3-97BB-78794B9CC7AD}.Release|Any CPU.Build.0 = Release|Any CPU
	EndGlobalSection
	GlobalSection(SolutionProperties) = preSolution
		HideSolutionNode = FALSE
	EndGlobalSection
	GlobalSection(ExtensibilityGlobals) = postSolution
		SolutionGuid = {0376CEE3-1335-4B53-B601-B4935C366845}
	EndGlobalSection
EndGlobal
